
Microsoft Visual Studio Solution File, Format Version 12.00
# Visual Studio 14
VisualStudioVersion = 14.0.25420.1
MinimumVisualStudioVersion = 10.0.40219.1
Project("{FAE04EC0-301F-11D3-BF4B-00C04F79EFBC}") = "Business_Intelligence", "Business_Intelligence\Business_Intelligence.csproj", "{CB85BB9F-6B18-4269-9F0E-2A1524B30279}"
EndProject
Global
	GlobalSection(SolutionConfigurationPlatforms) = preSolution
		Debug|Any CPU = Debug|Any CPU
		Release|Any CPU = Release|Any CPU
	EndGlobalSection
	GlobalSection(ProjectConfigurationPlatforms) = postSolution
		{CB85BB9F-6B18-4269-9F0E-2A1524B30279}.Debug|Any CPU.ActiveCfg = Debug|Any CPU
		{CB85BB9F-6B18-4269-9F0E-2A1524B30279}.Debug|Any CPU.Build.0 = Debug|Any CPU
		{CB85BB9F-6B18-4269-9F0E-2A1524B30279}.Release|Any CPU.ActiveCfg = Release|Any CPU
		{CB85BB9F-6B18-4269-9F0E-2A1524B30279}.Release|Any CPU.Build.0 = Release|Any CPU
	EndGlobalSection
	GlobalSection(SolutionProperties) = preSolution
		HideSolutionNode = FALSE
	EndGlobalSection
EndGlobal
